
Microsoft Visual Studio Solution File, Format Version 12.00
# Visual Studio Version 17
VisualStudioVersion = 17.3.32922.545
MinimumVisualStudioVersion = 10.0.40219.1
Project("{8BC9CEB8-8B4A-11D0-8D11-00A0C91BC942}") = "Duality137", "Duality137\Duality137.vcxproj", "{7457DDC0-5E9D-45E5-ADFF-B7A24030F73F}"
EndProject
Project("{2150E333-8FDC-42A3-9474-1A3956D46DE8}") = "3. Serialization", "3. Serialization", "{56DDB5DD-284C-4281-A6BE-DA8939EEA39A}"
EndProject
Project("{2150E333-8FDC-42A3-9474-1A3956D46DE8}") = "4. Memory", "4. Memory", "{D1E91A23-EB3C-4180-BDAF-6199977AAAF1}"
EndProject
Project("{2150E333-8FDC-42A3-9474-1A3956D46DE8}") = "2. Library", "2. Library", "{AAE4DD45-C8A5-401A-9CC0-9BB84E4FF69A}"
EndProject
Project("{2150E333-8FDC-42A3-9474-1A3956D46DE8}") = "1. DUALITY", "1. DUALITY", "{DE690A6C-68F5-40AF-B1A6-FBFFFD681E85}"
EndProject
Project("{2150E333-8FDC-42A3-9474-1A3956D46DE8}") = "6. Pipeline", "6. Pipeline", "{5B028DE3-C243-4105-AA9D-CC574C7CE7F1}"
EndProject
Project("{2150E333-8FDC-42A3-9474-1A3956D46DE8}") = "7. Applications", "7. Applications", "{E69B1A90-4384-4891-B020-141F4D30D8CF}"
EndProject
Project("{2150E333-8FDC-42A3-9474-1A3956D46DE8}") = "8. UX", "8. UX", "{34967318-EDCE-4400-95F6-F8E5A59EB306}"
EndProject
Project("{2150E333-8FDC-42A3-9474-1A3956D46DE8}") = "5. Processes", "5. Processes", "{4392FC14-853A-43C2-B117-4E776262C4BD}"
EndProject
Project("{8BC9CEB8-8B4A-11D0-8D11-00A0C91BC942}") = "Kernels", "Kernels\Kernels.vcxproj", "{9842FE59-AD3D-41C6-B418-72EACCD85531}"
EndProject
Project("{8BC9CEB8-8B4A-11D0-8D11-00A0C91BC942}") = "MassEntropy", "MassEntropy\MassEntropy.vcxproj", "{350B63A1-F3F5-4891-AF6B-1C6369307C88}"
EndProject
Project("{8BC9CEB8-8B4A-11D0-8D11-00A0C91BC942}") = "MetaPhysical", "MetaPhysical\MetaPhysical.vcxproj", "{882BDD12-28D9-4753-9A54-76A63DF2ECA8}"
EndProject
Project("{8BC9CEB8-8B4A-11D0-8D11-00A0C91BC942}") = "SmashTopology", "SmashTopology\SmashTopology.vcxproj", "{75C8F3BB-F118-4144-93D6-1D2BE27427DC}"
EndProject
Project("{8BC9CEB8-8B4A-11D0-8D11-00A0C91BC942}") = "PhotonicEVM", "PhotonicEVM\PhotonicEVM.vcxproj", "{04851CAB-0B3E-4124-87E2-0B11CB058E35}"
EndProject
Project("{8BC9CEB8-8B4A-11D0-8D11-00A0C91BC942}") = "RFiles", "RFiles\RFiles.vcxproj", "{D3F3ADF4-743F-43FA-A1BD-F0081927D1A1}"
EndProject
Project("{8BC9CEB8-8B4A-11D0-8D11-00A0C91BC942}") = "HV4DCONTRACT", "HV4DCONTRACT\HV4DCONTRACT.vcxproj", "{8359E101-CC79-4B7B-B67D-BB0293E91ADF}"
EndProject
Project("{8BC9CEB8-8B4A-11D0-8D11-00A0C91BC942}") = "HV4D", "HV4D\HV4D.vcxproj", "{A4ED9B82-B439-4A9E-A0B4-B2748EE39AB2}"
EndProject
Project("{8BC9CEB8-8B4A-11D0-8D11-00A0C91BC942}") = "HV4DTENSOR", "HV4DTENSOR\HV4DTENSOR.vcxproj", "{AB1AC2E6-14E8-4070-AB22-DE6B61656338}"
EndProject
Project("{8BC9CEB8-8B4A-11D0-8D11-00A0C91BC942}") = "HV4DSTREAM", "HV4DSTREAM\HV4DSTREAM.vcxproj", "{55AC3C3C-C30A-4AFE-98CF-BF96EFDAFB11}"
EndProject
Project("{8BC9CEB8-8B4A-11D0-8D11-00A0C91BC942}") = "HV4DTREE", "HV4DTREE\HV4DTREE.vcxproj", "{49F2C907-0101-4CE0-997D-F528E3133B92}"
EndProject
Project("{2150E333-8FDC-42A3-9474-1A3956D46DE8}") = "JSON", "JSON", "{D3B9E263-D5AB-446E-A405-A7B5C5CBB2D1}"
EndProject
Project("{2150E333-8FDC-42A3-9474-1A3956D46DE8}") = "XML", "XML", "{389BA9BA-6F6B-46FC-B32E-B1C178AFDAC3}"
EndProject
Project("{2150E333-8FDC-42A3-9474-1A3956D46DE8}") = "XAML", "XAML", "{5996B247-3C34-4961-8348-0B1050CC1628}"
EndProject
Project("{2150E333-8FDC-42A3-9474-1A3956D46DE8}") = "Binary", "Binary", "{EC873626-9D02-45A1-803F-1D4515813E0D}"
EndProject
Project("{2150E333-8FDC-42A3-9474-1A3956D46DE8}") = "PostgreSQL", "PostgreSQL", "{929C7833-CA41-4D3F-93C8-F41D91AD18C4}"
EndProject
Project("{8BC9CEB8-8B4A-11D0-8D11-00A0C91BC942}") = "WinRT", "WinRT\WinRT.vcxproj", "{69C6B10F-4310-4F90-9F69-F13EBF5AEF16}"
EndProject
Project("{8BC9CEB8-8B4A-11D0-8D11-00A0C91BC942}") = "Pugi", "Pugi\Pugi.vcxproj", "{64AD6BB4-875E-4A47-A007-B779E3AA5FE5}"
EndProject
Project("{8BC9CEB8-8B4A-11D0-8D11-00A0C91BC942}") = "HV4DTBASIC", "HV4DTBASIC\HV4DTBASIC.vcxproj", "{BA2E88A2-1E17-437C-9BE1-B44FE7E6E8AE}"
	ProjectSection(ProjectDependencies) = postProject
		{A4ED9B82-B439-4A9E-A0B4-B2748EE39AB2} = {A4ED9B82-B439-4A9E-A0B4-B2748EE39AB2}
	EndProjectSection
EndProject
Project("{8BC9CEB8-8B4A-11D0-8D11-00A0C91BC942}") = "HV4DENCRYPTION", "HV4DENCRYPTION\HV4DENCRYPTION.vcxproj", "{CFC7B4D6-029B-4385-BF9E-E7858F785E0C}"
EndProject
Project("{8BC9CEB8-8B4A-11D0-8D11-00A0C91BC942}") = "HV4DX", "HV4DX\HV4DX.vcxproj", "{F3AF785B-4012-49DD-998F-49673E1C7484}"
EndProject
Project("{8BC9CEB8-8B4A-11D0-8D11-00A0C91BC942}") = "HV4DPROMPT", "HV4DPROMPT\HV4DPROMPT.vcxproj", "{AA72580F-6C04-442C-80CC-0A9D68983B25}"
EndProject
Project("{8BC9CEB8-8B4A-11D0-8D11-00A0C91BC942}") = "HV4DPostgreSQL", "HV4DPostgreSQL\HV4DPostgreSQL.vcxproj", "{B1CE693F-468B-4C39-88CE-5C6B284A4411}"
EndProject
Project("{8BC9CEB8-8B4A-11D0-8D11-00A0C91BC942}") = "CHV4DTBASIC", "CHV4DTBASIC\CHV4DTBASIC.vcxproj", "{4FD067DB-7938-4EC0-84A1-9B3EB9F3AC9C}"
EndProject
Project("{8BC9CEB8-8B4A-11D0-8D11-00A0C91BC942}") = "PeregrineX12", "PeregrineX12\PeregrineX12.vcxproj", "{41946976-B2AD-4BAE-8953-CCA6C99B93BB}"
EndProject
Project("{8BC9CEB8-8B4A-11D0-8D11-00A0C91BC942}") = "InEssenceX12", "InEssenceX12\InEssenceX12.vcxproj", "{EA3013D1-281F-4BB8-A245-B6BAEABB9A44}"
EndProject
Project("{8BC9CEB8-8B4A-11D0-8D11-00A0C91BC942}") = "InnerFaceX12", "InnerFaceX12\InnerFaceX12.vcxproj", "{863DE611-039D-4822-A2BA-B992368460DE}"
EndProject
Global
	GlobalSection(SolutionConfigurationPlatforms) = preSolution
		Debug|arm64 = Debug|arm64
		Debug|x64 = Debug|x64
		Debug|x86 = Debug|x86
		Release|arm64 = Release|arm64
		Release|x64 = Release|x64
		Release|x86 = Release|x86
	EndGlobalSection
	GlobalSection(ProjectConfigurationPlatforms) = postSolution
		{7457DDC0-5E9D-45E5-ADFF-B7A24030F73F}.Debug|arm64.ActiveCfg = Debug|arm64
		{7457DDC0-5E9D-45E5-ADFF-B7A24030F73F}.Debug|arm64.Build.0 = Debug|arm64
		{7457DDC0-5E9D-45E5-ADFF-B7A24030F73F}.Debug|arm64.Deploy.0 = Debug|arm64
		{7457DDC0-5E9D-45E5-ADFF-B7A24030F73F}.Debug|x64.ActiveCfg = Debug|x64
		{7457DDC0-5E9D-45E5-ADFF-B7A24030F73F}.Debug|x64.Build.0 = Debug|x64
		{7457DDC0-5E9D-45E5-ADFF-B7A24030F73F}.Debug|x64.Deploy.0 = Debug|x64
		{7457DDC0-5E9D-45E5-ADFF-B7A24030F73F}.Debug|x86.ActiveCfg = Debug|Win32
		{7457DDC0-5E9D-45E5-ADFF-B7A24030F73F}.Debug|x86.Build.0 = Debug|Win32
		{7457DDC0-5E9D-45E5-ADFF-B7A24030F73F}.Debug|x86.Deploy.0 = Debug|Win32
		{7457DDC0-5E9D-45E5-ADFF-B7A24030F73F}.Release|arm64.ActiveCfg = Release|arm64
		{7457DDC0-5E9D-45E5-ADFF-B7A24030F73F}.Release|arm64.Build.0 = Release|arm64
		{7457DDC0-5E9D-45E5-ADFF-B7A24030F73F}.Release|arm64.Deploy.0 = Release|arm64
		{7457DDC0-5E9D-45E5-ADFF-B7A24030F73F}.Release|x64.ActiveCfg = Release|x64
		{7457DDC0-5E9D-45E5-ADFF-B7A24030F73F}.Release|x64.Build.0 = Release|x64
		{7457DDC0-5E9D-45E5-ADFF-B7A24030F73F}.Release|x64.Deploy.0 = Release|x64
		{7457DDC0-5E9D-45E5-ADFF-B7A24030F73F}.Release|x86.ActiveCfg = Release|Win32
		{7457DDC0-5E9D-45E5-ADFF-B7A24030F73F}.Release|x86.Build.0 = Release|Win32
		{7457DDC0-5E9D-45E5-ADFF-B7A24030F73F}.Release|x86.Deploy.0 = Release|Win32
		{9842FE59-AD3D-41C6-B418-72EACCD85531}.Debug|arm64.ActiveCfg = Debug|arm64
		{9842FE59-AD3D-41C6-B418-72EACCD85531}.Debug|arm64.Build.0 = Debug|arm64
		{9842FE59-AD3D-41C6-B418-72EACCD85531}.Debug|x64.ActiveCfg = Debug|x64
		{9842FE59-AD3D-41C6-B418-72EACCD85531}.Debug|x64.Build.0 = Debug|x64
		{9842FE59-AD3D-41C6-B418-72EACCD85531}.Debug|x86.ActiveCfg = Debug|Win32
		{9842FE59-AD3D-41C6-B418-72EACCD85531}.Debug|x86.Build.0 = Debug|Win32
		{9842FE59-AD3D-41C6-B418-72EACCD85531}.Release|arm64.ActiveCfg = Release|arm64
		{9842FE59-AD3D-41C6-B418-72EACCD85531}.Release|arm64.Build.0 = Release|arm64
		{9842FE59-AD3D-41C6-B418-72EACCD85531}.Release|x64.ActiveCfg = Release|x64
		{9842FE59-AD3D-41C6-B418-72EACCD85531}.Release|x64.Build.0 = Release|x64
		{9842FE59-AD3D-41C6-B418-72EACCD85531}.Release|x86.ActiveCfg = Release|Win32
		{9842FE59-AD3D-41C6-B418-72EACCD85531}.Release|x86.Build.0 = Release|Win32
		{350B63A1-F3F5-4891-AF6B-1C6369307C88}.Debug|arm64.ActiveCfg = Debug|arm64
		{350B63A1-F3F5-4891-AF6B-1C6369307C88}.Debug|arm64.Build.0 = Debug|arm64
		{350B63A1-F3F5-4891-AF6B-1C6369307C88}.Debug|x64.ActiveCfg = Debug|x64
		{350B63A1-F3F5-4891-AF6B-1C6369307C88}.Debug|x64.Build.0 = Debug|x64
		{350B63A1-F3F5-4891-AF6B-1C6369307C88}.Debug|x86.ActiveCfg = Debug|Win32
		{350B63A1-F3F5-4891-AF6B-1C6369307C88}.Debug|x86.Build.0 = Debug|Win32
		{350B63A1-F3F5-4891-AF6B-1C6369307C88}.Release|arm64.ActiveCfg = Release|arm64
		{350B63A1-F3F5-4891-AF6B-1C6369307C88}.Release|arm64.Build.0 = Release|arm64
		{350B63A1-F3F5-4891-AF6B-1C6369307C88}.Release|x64.ActiveCfg = Release|x64
		{350B63A1-F3F5-4891-AF6B-1C6369307C88}.Release|x64.Build.0 = Release|x64
		{350B63A1-F3F5-4891-AF6B-1C6369307C88}.Release|x86.ActiveCfg = Release|Win32
		{350B63A1-F3F5-4891-AF6B-1C6369307C88}.Release|x86.Build.0 = Release|Win32
		{882BDD12-28D9-4753-9A54-76A63DF2ECA8}.Debug|arm64.ActiveCfg = Debug|arm64
		{882BDD12-28D9-4753-9A54-76A63DF2ECA8}.Debug|arm64.Build.0 = Debug|arm64
		{882BDD12-28D9-4753-9A54-76A63DF2ECA8}.Debug|x64.ActiveCfg = Debug|x64
		{882BDD12-28D9-4753-9A54-76A63DF2ECA8}.Debug|x64.Build.0 = Debug|x64
		{882BDD12-28D9-4753-9A54-76A63DF2ECA8}.Debug|x86.ActiveCfg = Debug|Win32
		{882BDD12-28D9-4753-9A54-76A63DF2ECA8}.Debug|x86.Build.0 = Debug|Win32
		{882BDD12-28D9-4753-9A54-76A63DF2ECA8}.Release|arm64.ActiveCfg = Release|arm64
		{882BDD12-28D9-4753-9A54-76A63DF2ECA8}.Release|arm64.Build.0 = Release|arm64
		{882BDD12-28D9-4753-9A54-76A63DF2ECA8}.Release|x64.ActiveCfg = Release|x64
		{882BDD12-28D9-4753-9A54-76A63DF2ECA8}.Release|x64.Build.0 = Release|x64
		{882BDD12-28D9-4753-9A54-76A63DF2ECA8}.Release|x86.ActiveCfg = Release|Win32
		{882BDD12-28D9-4753-9A54-76A63DF2ECA8}.Release|x86.Build.0 = Release|Win32
		{75C8F3BB-F118-4144-93D6-1D2BE27427DC}.Debug|arm64.ActiveCfg = Debug|arm64
		{75C8F3BB-F118-4144-93D6-1D2BE27427DC}.Debug|arm64.Build.0 = Debug|arm64
		{75C8F3BB-F118-4144-93D6-1D2BE27427DC}.Debug|x64.ActiveCfg = Debug|x64
		{75C8F3BB-F118-4144-93D6-1D2BE27427DC}.Debug|x64.Build.0 = Debug|x64
		{75C8F3BB-F118-4144-93D6-1D2BE27427DC}.Debug|x86.ActiveCfg = Debug|Win32
		{75C8F3BB-F118-4144-93D6-1D2BE27427DC}.Debug|x86.Build.0 = Debug|Win32
		{75C8F3BB-F118-4144-93D6-1D2BE27427DC}.Release|arm64.ActiveCfg = Release|arm64
		{75C8F3BB-F118-4144-93D6-1D2BE27427DC}.Release|arm64.Build.0 = Release|arm64
		{75C8F3BB-F118-4144-93D6-1D2BE27427DC}.Release|x64.ActiveCfg = Release|x64
		{75C8F3BB-F118-4144-93D6-1D2BE27427DC}.Release|x64.Build.0 = Release|x64
		{75C8F3BB-F118-4144-93D6-1D2BE27427DC}.Release|x86.ActiveCfg = Release|Win32
		{75C8F3BB-F118-4144-93D6-1D2BE27427DC}.Release|x86.Build.0 = Release|Win32
		{04851CAB-0B3E-4124-87E2-0B11CB058E35}.Debug|arm64.ActiveCfg = Debug|arm64
		{04851CAB-0B3E-4124-87E2-0B11CB058E35}.Debug|arm64.Build.0 = Debug|arm64
		{04851CAB-0B3E-4124-87E2-0B11CB058E35}.Debug|x64.ActiveCfg = Debug|x64
		{04851CAB-0B3E-4124-87E2-0B11CB058E35}.Debug|x64.Build.0 = Debug|x64
		{04851CAB-0B3E-4124-87E2-0B11CB058E35}.Debug|x86.ActiveCfg = Debug|Win32
		{04851CAB-0B3E-4124-87E2-0B11CB058E35}.Debug|x86.Build.0 = Debug|Win32
		{04851CAB-0B3E-4124-87E2-0B11CB058E35}.Release|arm64.ActiveCfg = Release|arm64
		{04851CAB-0B3E-4124-87E2-0B11CB058E35}.Release|arm64.Build.0 = Release|arm64
		{04851CAB-0B3E-4124-87E2-0B11CB058E35}.Release|x64.ActiveCfg = Release|x64
		{04851CAB-0B3E-4124-87E2-0B11CB058E35}.Release|x64.Build.0 = Release|x64
		{04851CAB-0B3E-4124-87E2-0B11CB058E35}.Release|x86.ActiveCfg = Release|Win32
		{04851CAB-0B3E-4124-87E2-0B11CB058E35}.Release|x86.Build.0 = Release|Win32
		{D3F3ADF4-743F-43FA-A1BD-F0081927D1A1}.Debug|arm64.ActiveCfg = Debug|arm64
		{D3F3ADF4-743F-43FA-A1BD-F0081927D1A1}.Debug|arm64.Build.0 = Debug|arm64
		{D3F3ADF4-743F-43FA-A1BD-F0081927D1A1}.Debug|x64.ActiveCfg = Debug|x64
		{D3F3ADF4-743F-43FA-A1BD-F0081927D1A1}.Debug|x64.Build.0 = Debug|x64
		{D3F3ADF4-743F-43FA-A1BD-F0081927D1A1}.Debug|x86.ActiveCfg = Debug|Win32
		{D3F3ADF4-743F-43FA-A1BD-F0081927D1A1}.Debug|x86.Build.0 = Debug|Win32
		{D3F3ADF4-743F-43FA-A1BD-F0081927D1A1}.Release|arm64.ActiveCfg = Release|arm64
		{D3F3ADF4-743F-43FA-A1BD-F0081927D1A1}.Release|arm64.Build.0 = Release|arm64
		{D3F3ADF4-743F-43FA-A1BD-F0081927D1A1}.Release|x64.ActiveCfg = Release|x64
		{D3F3ADF4-743F-43FA-A1BD-F0081927D1A1}.Release|x64.Build.0 = Release|x64
		{D3F3ADF4-743F-43FA-A1BD-F0081927D1A1}.Release|x86.ActiveCfg = Release|Win32
		{D3F3ADF4-743F-43FA-A1BD-F0081927D1A1}.Release|x86.Build.0 = Release|Win32
		{8359E101-CC79-4B7B-B67D-BB0293E91ADF}.Debug|arm64.ActiveCfg = Debug|arm64
		{8359E101-CC79-4B7B-B67D-BB0293E91ADF}.Debug|arm64.Build.0 = Debug|arm64
		{8359E101-CC79-4B7B-B67D-BB0293E91ADF}.Debug|x64.ActiveCfg = Debug|x64
		{8359E101-CC79-4B7B-B67D-BB0293E91ADF}.Debug|x64.Build.0 = Debug|x64
		{8359E101-CC79-4B7B-B67D-BB0293E91ADF}.Debug|x86.ActiveCfg = Debug|Win32
		{8359E101-CC79-4B7B-B67D-BB0293E91ADF}.Debug|x86.Build.0 = Debug|Win32
		{8359E101-CC79-4B7B-B67D-BB0293E91ADF}.Release|arm64.ActiveCfg = Release|arm64
		{8359E101-CC79-4B7B-B67D-BB0293E91ADF}.Release|arm64.Build.0 = Release|arm64
		{8359E101-CC79-4B7B-B67D-BB0293E91ADF}.Release|x64.ActiveCfg = Release|x64
		{8359E101-CC79-4B7B-B67D-BB0293E91ADF}.Release|x64.Build.0 = Release|x64
		{8359E101-CC79-4B7B-B67D-BB0293E91ADF}.Release|x86.ActiveCfg = Release|Win32
		{8359E101-CC79-4B7B-B67D-BB0293E91ADF}.Release|x86.Build.0 = Release|Win32
		{A4ED9B82-B439-4A9E-A0B4-B2748EE39AB2}.Debug|arm64.ActiveCfg = Debug|arm64
		{A4ED9B82-B439-4A9E-A0B4-B2748EE39AB2}.Debug|arm64.Build.0 = Debug|arm64
		{A4ED9B82-B439-4A9E-A0B4-B2748EE39AB2}.Debug|x64.ActiveCfg = Debug|x64
		{A4ED9B82-B439-4A9E-A0B4-B2748EE39AB2}.Debug|x64.Build.0 = Debug|x64
		{A4ED9B82-B439-4A9E-A0B4-B2748EE39AB2}.Debug|x86.ActiveCfg = Debug|Win32
		{A4ED9B82-B439-4A9E-A0B4-B2748EE39AB2}.Debug|x86.Build.0 = Debug|Win32
		{A4ED9B82-B439-4A9E-A0B4-B2748EE39AB2}.Release|arm64.ActiveCfg = Release|arm64
		{A4ED9B82-B439-4A9E-A0B4-B2748EE39AB2}.Release|arm64.Build.0 = Release|arm64
		{A4ED9B82-B439-4A9E-A0B4-B2748EE39AB2}.Release|x64.ActiveCfg = Release|x64
		{A4ED9B82-B439-4A9E-A0B4-B2748EE39AB2}.Release|x64.Build.0 = Release|x64
		{A4ED9B82-B439-4A9E-A0B4-B2748EE39AB2}.Release|x86.ActiveCfg = Release|Win32
		{A4ED9B82-B439-4A9E-A0B4-B2748EE39AB2}.Release|x86.Build.0 = Release|Win32
		{AB1AC2E6-14E8-4070-AB22-DE6B61656338}.Debug|arm64.ActiveCfg = Debug|arm64
		{AB1AC2E6-14E8-4070-AB22-DE6B61656338}.Debug|arm64.Build.0 = Debug|arm64
		{AB1AC2E6-14E8-4070-AB22-DE6B61656338}.Debug|x64.ActiveCfg = Debug|x64
		{AB1AC2E6-14E8-4070-AB22-DE6B61656338}.Debug|x64.Build.0 = Debug|x64
		{AB1AC2E6-14E8-4070-AB22-DE6B61656338}.Debug|x86.ActiveCfg = Debug|Win32
		{AB1AC2E6-14E8-4070-AB22-DE6B61656338}.Debug|x86.Build.0 = Debug|Win32
		{AB1AC2E6-14E8-4070-AB22-DE6B61656338}.Release|arm64.ActiveCfg = Release|arm64
		{AB1AC2E6-14E8-4070-AB22-DE6B61656338}.Release|arm64.Build.0 = Release|arm64
		{AB1AC2E6-14E8-4070-AB22-DE6B61656338}.Release|x64.ActiveCfg = Release|x64
		{AB1AC2E6-14E8-4070-AB22-DE6B61656338}.Release|x64.Build.0 = Release|x64
		{AB1AC2E6-14E8-4070-AB22-DE6B61656338}.Release|x86.ActiveCfg = Release|Win32
		{AB1AC2E6-14E8-4070-AB22-DE6B61656338}.Release|x86.Build.0 = Release|Win32
		{55AC3C3C-C30A-4AFE-98CF-BF96EFDAFB11}.Debug|arm64.ActiveCfg = Debug|arm64
		{55AC3C3C-C30A-4AFE-98CF-BF96EFDAFB11}.Debug|arm64.Build.0 = Debug|arm64
		{55AC3C3C-C30A-4AFE-98CF-BF96EFDAFB11}.Debug|x64.ActiveCfg = Debug|x64
		{55AC3C3C-C30A-4AFE-98CF-BF96EFDAFB11}.Debug|x64.Build.0 = Debug|x64
		{55AC3C3C-C30A-4AFE-98CF-BF96EFDAFB11}.Debug|x86.ActiveCfg = Debug|Win32
		{55AC3C3C-C30A-4AFE-98CF-BF96EFDAFB11}.Debug|x86.Build.0 = Debug|Win32
		{55AC3C3C-C30A-4AFE-98CF-BF96EFDAFB11}.Release|arm64.ActiveCfg = Release|arm64
		{55AC3C3C-C30A-4AFE-98CF-BF96EFDAFB11}.Release|arm64.Build.0 = Release|arm64
		{55AC3C3C-C30A-4AFE-98CF-BF96EFDAFB11}.Release|x64.ActiveCfg = Release|x64
		{55AC3C3C-C30A-4AFE-98CF-BF96EFDAFB11}.Release|x64.Build.0 = Release|x64
		{55AC3C3C-C30A-4AFE-98CF-BF96EFDAFB11}.Release|x86.ActiveCfg = Release|Win32
		{55AC3C3C-C30A-4AFE-98CF-BF96EFDAFB11}.Release|x86.Build.0 = Release|Win32
		{49F2C907-0101-4CE0-997D-F528E3133B92}.Debug|arm64.ActiveCfg = Debug|arm64
		{49F2C907-0101-4CE0-997D-F528E3133B92}.Debug|arm64.Build.0 = Debug|arm64
		{49F2C907-0101-4CE0-997D-F528E3133B92}.Debug|x64.ActiveCfg = Debug|x64
		{49F2C907-0101-4CE0-997D-F528E3133B92}.Debug|x64.Build.0 = Debug|x64
		{49F2C907-0101-4CE0-997D-F528E3133B92}.Debug|x86.ActiveCfg = Debug|Win32
		{49F2C907-0101-4CE0-997D-F528E3133B92}.Debug|x86.Build.0 = Debug|Win32
		{49F2C907-0101-4CE0-997D-F528E3133B92}.Release|arm64.ActiveCfg = Release|arm64
		{49F2C907-0101-4CE0-997D-F528E3133B92}.Release|arm64.Build.0 = Release|arm64
		{49F2C907-0101-4CE0-997D-F528E3133B92}.Release|x64.ActiveCfg = Release|x64
		{49F2C907-0101-4CE0-997D-F528E3133B92}.Release|x64.Build.0 = Release|x64
		{49F2C907-0101-4CE0-997D-F528E3133B92}.Release|x86.ActiveCfg = Release|Win32
		{49F2C907-0101-4CE0-997D-F528E3133B92}.Release|x86.Build.0 = Release|Win32
		{69C6B10F-4310-4F90-9F69-F13EBF5AEF16}.Debug|arm64.ActiveCfg = Debug|arm64
		{69C6B10F-4310-4F90-9F69-F13EBF5AEF16}.Debug|arm64.Build.0 = Debug|arm64
		{69C6B10F-4310-4F90-9F69-F13EBF5AEF16}.Debug|x64.ActiveCfg = Debug|x64
		{69C6B10F-4310-4F90-9F69-F13EBF5AEF16}.Debug|x64.Build.0 = Debug|x64
		{69C6B10F-4310-4F90-9F69-F13EBF5AEF16}.Debug|x86.ActiveCfg = Debug|Win32
		{69C6B10F-4310-4F90-9F69-F13EBF5AEF16}.Debug|x86.Build.0 = Debug|Win32
		{69C6B10F-4310-4F90-9F69-F13EBF5AEF16}.Release|arm64.ActiveCfg = Release|arm64
		{69C6B10F-4310-4F90-9F69-F13EBF5AEF16}.Release|arm64.Build.0 = Release|arm64
		{69C6B10F-4310-4F90-9F69-F13EBF5AEF16}.Release|x64.ActiveCfg = Release|x64
		{69C6B10F-4310-4F90-9F69-F13EBF5AEF16}.Release|x64.Build.0 = Release|x64
		{69C6B10F-4310-4F90-9F69-F13EBF5AEF16}.Release|x86.ActiveCfg = Release|Win32
		{69C6B10F-4310-4F90-9F69-F13EBF5AEF16}.Release|x86.Build.0 = Release|Win32
		{64AD6BB4-875E-4A47-A007-B779E3AA5FE5}.Debug|arm64.ActiveCfg = Debug|x64
		{64AD6BB4-875E-4A47-A007-B779E3AA5FE5}.Debug|arm64.Build.0 = Debug|x64
		{64AD6BB4-875E-4A47-A007-B779E3AA5FE5}.Debug|x64.ActiveCfg = Debug|x64
		{64AD6BB4-875E-4A47-A007-B779E3AA5FE5}.Debug|x64.Build.0 = Debug|x64
		{64AD6BB4-875E-4A47-A007-B779E3AA5FE5}.Debug|x86.ActiveCfg = Debug|Win32
		{64AD6BB4-875E-4A47-A007-B779E3AA5FE5}.Debug|x86.Build.0 = Debug|Win32
		{64AD6BB4-875E-4A47-A007-B779E3AA5FE5}.Release|arm64.ActiveCfg = Release|x64
		{64AD6BB4-875E-4A47-A007-B779E3AA5FE5}.Release|arm64.Build.0 = Release|x64
		{64AD6BB4-875E-4A47-A007-B779E3AA5FE5}.Release|x64.ActiveCfg = Release|x64
		{64AD6BB4-875E-4A47-A007-B779E3AA5FE5}.Release|x64.Build.0 = Release|x64
		{64AD6BB4-875E-4A47-A007-B779E3AA5FE5}.Release|x86.ActiveCfg = Release|Win32
		{64AD6BB4-875E-4A47-A007-B779E3AA5FE5}.Release|x86.Build.0 = Release|Win32
		{BA2E88A2-1E17-437C-9BE1-B44FE7E6E8AE}.Debug|arm64.ActiveCfg = Debug|arm64
		{BA2E88A2-1E17-437C-9BE1-B44FE7E6E8AE}.Debug|arm64.Build.0 = Debug|arm64
		{BA2E88A2-1E17-437C-9BE1-B44FE7E6E8AE}.Debug|x64.ActiveCfg = Debug|x64
		{BA2E88A2-1E17-437C-9BE1-B44FE7E6E8AE}.Debug|x64.Build.0 = Debug|x64
		{BA2E88A2-1E17-437C-9BE1-B44FE7E6E8AE}.Debug|x86.ActiveCfg = Debug|Win32
		{BA2E88A2-1E17-437C-9BE1-B44FE7E6E8AE}.Debug|x86.Build.0 = Debug|Win32
		{BA2E88A2-1E17-437C-9BE1-B44FE7E6E8AE}.Release|arm64.ActiveCfg = Release|arm64
		{BA2E88A2-1E17-437C-9BE1-B44FE7E6E8AE}.Release|arm64.Build.0 = Release|arm64
		{BA2E88A2-1E17-437C-9BE1-B44FE7E6E8AE}.Release|x64.ActiveCfg = Release|x64
		{BA2E88A2-1E17-437C-9BE1-B44FE7E6E8AE}.Release|x64.Build.0 = Release|x64
		{BA2E88A2-1E17-437C-9BE1-B44FE7E6E8AE}.Release|x86.ActiveCfg = Release|Win32
		{BA2E88A2-1E17-437C-9BE1-B44FE7E6E8AE}.Release|x86.Build.0 = Release|Win32
		{CFC7B4D6-029B-4385-BF9E-E7858F785E0C}.Debug|arm64.ActiveCfg = Debug|arm64
		{CFC7B4D6-029B-4385-BF9E-E7858F785E0C}.Debug|arm64.Build.0 = Debug|arm64
		{CFC7B4D6-029B-4385-BF9E-E7858F785E0C}.Debug|x64.ActiveCfg = Debug|x64
		{CFC7B4D6-029B-4385-BF9E-E7858F785E0C}.Debug|x64.Build.0 = Debug|x64
		{CFC7B4D6-029B-4385-BF9E-E7858F785E0C}.Debug|x86.ActiveCfg = Debug|Win32
		{CFC7B4D6-029B-4385-BF9E-E7858F785E0C}.Debug|x86.Build.0 = Debug|Win32
		{CFC7B4D6-029B-4385-BF9E-E7858F785E0C}.Release|arm64.ActiveCfg = Release|arm64
		{CFC7B4D6-029B-4385-BF9E-E7858F785E0C}.Release|arm64.Build.0 = Release|arm64
		{CFC7B4D6-029B-4385-BF9E-E7858F785E0C}.Release|x64.ActiveCfg = Release|x64
		{CFC7B4D6-029B-4385-BF9E-E7858F785E0C}.Release|x64.Build.0 = Release|x64
		{CFC7B4D6-029B-4385-BF9E-E7858F785E0C}.Release|x86.ActiveCfg = Release|Win32
		{CFC7B4D6-029B-4385-BF9E-E7858F785E0C}.Release|x86.Build.0 = Release|Win32
		{F3AF785B-4012-49DD-998F-49673E1C7484}.Debug|arm64.ActiveCfg = Debug|arm64
		{F3AF785B-4012-49DD-998F-49673E1C7484}.Debug|arm64.Build.0 = Debug|arm64
		{F3AF785B-4012-49DD-998F-49673E1C7484}.Debug|x64.ActiveCfg = Debug|x64
		{F3AF785B-4012-49DD-998F-49673E1C7484}.Debug|x64.Build.0 = Debug|x64
		{F3AF785B-4012-49DD-998F-49673E1C7484}.Debug|x86.ActiveCfg = Debug|Win32
		{F3AF785B-4012-49DD-998F-49673E1C7484}.Debug|x86.Build.0 = Debug|Win32
		{F3AF785B-4012-49DD-998F-49673E1C7484}.Release|arm64.ActiveCfg = Release|arm64
		{F3AF785B-4012-49DD-998F-49673E1C7484}.Release|arm64.Build.0 = Release|arm64
		{F3AF785B-4012-49DD-998F-49673E1C7484}.Release|x64.ActiveCfg = Release|x64
		{F3AF785B-4012-49DD-998F-49673E1C7484}.Release|x64.Build.0 = Release|x64
		{F3AF785B-4012-49DD-998F-49673E1C7484}.Release|x86.ActiveCfg = Release|Win32
		{F3AF785B-4012-49DD-998F-49673E1C7484}.Release|x86.Build.0 = Release|Win32
		{AA72580F-6C04-442C-80CC-0A9D68983B25}.Debug|arm64.ActiveCfg = Debug|arm64
		{AA72580F-6C04-442C-80CC-0A9D68983B25}.Debug|arm64.Build.0 = Debug|arm64
		{AA72580F-6C04-442C-80CC-0A9D68983B25}.Debug|x64.ActiveCfg = Debug|x64
		{AA72580F-6C04-442C-80CC-0A9D68983B25}.Debug|x64.Build.0 = Debug|x64
		{AA72580F-6C04-442C-80CC-0A9D68983B25}.Debug|x86.ActiveCfg = Debug|Win32
		{AA72580F-6C04-442C-80CC-0A9D68983B25}.Debug|x86.Build.0 = Debug|Win32
		{AA72580F-6C04-442C-80CC-0A9D68983B25}.Release|arm64.ActiveCfg = Release|arm64
		{AA72580F-6C04-442C-80CC-0A9D68983B25}.Release|arm64.Build.0 = Release|arm64
		{AA72580F-6C04-442C-80CC-0A9D68983B25}.Release|x64.ActiveCfg = Release|x64
		{AA72580F-6C04-442C-80CC-0A9D68983B25}.Release|x64.Build.0 = Release|x64
		{AA72580F-6C04-442C-80CC-0A9D68983B25}.Release|x86.ActiveCfg = Release|Win32
		{AA72580F-6C04-442C-80CC-0A9D68983B25}.Release|x86.Build.0 = Release|Win32
		{B1CE693F-468B-4C39-88CE-5C6B284A4411}.Debug|arm64.ActiveCfg = Debug|arm64
		{B1CE693F-468B-4C39-88CE-5C6B284A4411}.Debug|arm64.Build.0 = Debug|arm64
		{B1CE693F-468B-4C39-88CE-5C6B284A4411}.Debug|x64.ActiveCfg = Debug|x64
		{B1CE693F-468B-4C39-88CE-5C6B284A4411}.Debug|x64.Build.0 = Debug|x64
		{B1CE693F-468B-4C39-88CE-5C6B284A4411}.Debug|x86.ActiveCfg = Debug|Win32
		{B1CE693F-468B-4C39-88CE-5C6B284A4411}.Debug|x86.Build.0 = Debug|Win32
		{B1CE693F-468B-4C39-88CE-5C6B284A4411}.Release|arm64.ActiveCfg = Release|arm64
		{B1CE693F-468B-4C39-88CE-5C6B284A4411}.Release|arm64.Build.0 = Release|arm64
		{B1CE693F-468B-4C39-88CE-5C6B284A4411}.Release|x64.ActiveCfg = Release|x64
		{B1CE693F-468B-4C39-88CE-5C6B284A4411}.Release|x64.Build.0 = Release|x64
		{B1CE693F-468B-4C39-88CE-5C6B284A4411}.Release|x86.ActiveCfg = Release|Win32
		{B1CE693F-468B-4C39-88CE-5C6B284A4411}.Release|x86.Build.0 = Release|Win32
		{4FD067DB-7938-4EC0-84A1-9B3EB9F3AC9C}.Debug|arm64.ActiveCfg = Debug|x64
		{4FD067DB-7938-4EC0-84A1-9B3EB9F3AC9C}.Debug|arm64.Build.0 = Debug|x64
		{4FD067DB-7938-4EC0-84A1-9B3EB9F3AC9C}.Debug|x64.ActiveCfg = Debug|x64
		{4FD067DB-7938-4EC0-84A1-9B3EB9F3AC9C}.Debug|x64.Build.0 = Debug|x64
		{4FD067DB-7938-4EC0-84A1-9B3EB9F3AC9C}.Debug|x86.ActiveCfg = Debug|Win32
		{4FD067DB-7938-4EC0-84A1-9B3EB9F3AC9C}.Debug|x86.Build.0 = Debug|Win32
		{4FD067DB-7938-4EC0-84A1-9B3EB9F3AC9C}.Release|arm64.ActiveCfg = Release|x64
		{4FD067DB-7938-4EC0-84A1-9B3EB9F3AC9C}.Release|arm64.Build.0 = Release|x64
		{4FD067DB-7938-4EC0-84A1-9B3EB9F3AC9C}.Release|x64.ActiveCfg = Release|x64
		{4FD067DB-7938-4EC0-84A1-9B3EB9F3AC9C}.Release|x64.Build.0 = Release|x64
		{4FD067DB-7938-4EC0-84A1-9B3EB9F3AC9C}.Release|x86.ActiveCfg = Release|Win32
		{4FD067DB-7938-4EC0-84A1-9B3EB9F3AC9C}.Release|x86.Build.0 = Release|Win32
		{41946976-B2AD-4BAE-8953-CCA6C99B93BB}.Debug|arm64.ActiveCfg = Debug|ARM64
		{41946976-B2AD-4BAE-8953-CCA6C99B93BB}.Debug|arm64.Build.0 = Debug|ARM64
		{41946976-B2AD-4BAE-8953-CCA6C99B93BB}.Debug|x64.ActiveCfg = Debug|x64
		{41946976-B2AD-4BAE-8953-CCA6C99B93BB}.Debug|x64.Build.0 = Debug|x64
		{41946976-B2AD-4BAE-8953-CCA6C99B93BB}.Debug|x86.ActiveCfg = Debug|Win32
		{41946976-B2AD-4BAE-8953-CCA6C99B93BB}.Debug|x86.Build.0 = Debug|Win32
		{41946976-B2AD-4BAE-8953-CCA6C99B93BB}.Release|arm64.ActiveCfg = Release|ARM64
		{41946976-B2AD-4BAE-8953-CCA6C99B93BB}.Release|arm64.Build.0 = Release|ARM64
		{41946976-B2AD-4BAE-8953-CCA6C99B93BB}.Release|x64.ActiveCfg = Release|x64
		{41946976-B2AD-4BAE-8953-CCA6C99B93BB}.Release|x64.Build.0 = Release|x64
		{41946976-B2AD-4BAE-8953-CCA6C99B93BB}.Release|x86.ActiveCfg = Release|Win32
		{41946976-B2AD-4BAE-8953-CCA6C99B93BB}.Release|x86.Build.0 = Release|Win32
		{EA3013D1-281F-4BB8-A245-B6BAEABB9A44}.Debug|arm64.ActiveCfg = Debug|ARM64
		{EA3013D1-281F-4BB8-A245-B6BAEABB9A44}.Debug|arm64.Build.0 = Debug|ARM64
		{EA3013D1-281F-4BB8-A245-B6BAEABB9A44}.Debug|x64.ActiveCfg = Debug|x64
		{EA3013D1-281F-4BB8-A245-B6BAEABB9A44}.Debug|x64.Build.0 = Debug|x64
		{EA3013D1-281F-4BB8-A245-B6BAEABB9A44}.Debug|x86.ActiveCfg = Debug|Win32
		{EA3013D1-281F-4BB8-A245-B6BAEABB9A44}.Debug|x86.Build.0 = Debug|Win32
		{EA3013D1-281F-4BB8-A245-B6BAEABB9A44}.Release|arm64.ActiveCfg = Release|ARM64
		{EA3013D1-281F-4BB8-A245-B6BAEABB9A44}.Release|arm64.Build.0 = Release|ARM64
		{EA3013D1-281F-4BB8-A245-B6BAEABB9A44}.Release|x64.ActiveCfg = Release|x64
		{EA3013D1-281F-4BB8-A245-B6BAEABB9A44}.Release|x64.Build.0 = Release|x64
		{EA3013D1-281F-4BB8-A245-B6BAEABB9A44}.Release|x86.ActiveCfg = Release|Win32
		{EA3013D1-281F-4BB8-A245-B6BAEABB9A44}.Release|x86.Build.0 = Release|Win32
		{863DE611-039D-4822-A2BA-B992368460DE}.Debug|arm64.ActiveCfg = Debug|ARM64
		{863DE611-039D-4822-A2BA-B992368460DE}.Debug|arm64.Build.0 = Debug|ARM64
		{863DE611-039D-4822-A2BA-B992368460DE}.Debug|x64.ActiveCfg = Debug|x64
		{863DE611-039D-4822-A2BA-B992368460DE}.Debug|x64.Build.0 = Debug|x64
		{863DE611-039D-4822-A2BA-B992368460DE}.Debug|x86.ActiveCfg = Debug|Win32
		{863DE611-039D-4822-A2BA-B992368460DE}.Debug|x86.Build.0 = Debug|Win32
		{863DE611-039D-4822-A2BA-B992368460DE}.Release|arm64.ActiveCfg = Release|ARM64
		{863DE611-039D-4822-A2BA-B992368460DE}.Release|arm64.Build.0 = Release|ARM64
		{863DE611-039D-4822-A2BA-B992368460DE}.Release|x64.ActiveCfg = Release|x64
		{863DE611-039D-4822-A2BA-B992368460DE}.Release|x64.Build.0 = Release|x64
		{863DE611-039D-4822-A2BA-B992368460DE}.Release|x86.ActiveCfg = Release|Win32
		{863DE611-039D-4822-A2BA-B992368460DE}.Release|x86.Build.0 = Release|Win32
	EndGlobalSection
	GlobalSection(SolutionProperties) = preSolution
		HideSolutionNode = FALSE
	EndGlobalSection
	GlobalSection(NestedProjects) = preSolution
		{7457DDC0-5E9D-45E5-ADFF-B7A24030F73F} = {DE690A6C-68F5-40AF-B1A6-FBFFFD681E85}
		{9842FE59-AD3D-41C6-B418-72EACCD85531} = {E69B1A90-4384-4891-B020-141F4D30D8CF}
		{350B63A1-F3F5-4891-AF6B-1C6369307C88} = {E69B1A90-4384-4891-B020-141F4D30D8CF}
		{882BDD12-28D9-4753-9A54-76A63DF2ECA8} = {E69B1A90-4384-4891-B020-141F4D30D8CF}
		{75C8F3BB-F118-4144-93D6-1D2BE27427DC} = {E69B1A90-4384-4891-B020-141F4D30D8CF}
		{04851CAB-0B3E-4124-87E2-0B11CB058E35} = {E69B1A90-4384-4891-B020-141F4D30D8CF}
		{D3F3ADF4-743F-43FA-A1BD-F0081927D1A1} = {E69B1A90-4384-4891-B020-141F4D30D8CF}
		{8359E101-CC79-4B7B-B67D-BB0293E91ADF} = {AAE4DD45-C8A5-401A-9CC0-9BB84E4FF69A}
		{A4ED9B82-B439-4A9E-A0B4-B2748EE39AB2} = {AAE4DD45-C8A5-401A-9CC0-9BB84E4FF69A}
		{AB1AC2E6-14E8-4070-AB22-DE6B61656338} = {AAE4DD45-C8A5-401A-9CC0-9BB84E4FF69A}
		{55AC3C3C-C30A-4AFE-98CF-BF96EFDAFB11} = {D1E91A23-EB3C-4180-BDAF-6199977AAAF1}
		{49F2C907-0101-4CE0-997D-F528E3133B92} = {D1E91A23-EB3C-4180-BDAF-6199977AAAF1}
		{D3B9E263-D5AB-446E-A405-A7B5C5CBB2D1} = {56DDB5DD-284C-4281-A6BE-DA8939EEA39A}
		{389BA9BA-6F6B-46FC-B32E-B1C178AFDAC3} = {56DDB5DD-284C-4281-A6BE-DA8939EEA39A}
		{5996B247-3C34-4961-8348-0B1050CC1628} = {56DDB5DD-284C-4281-A6BE-DA8939EEA39A}
		{EC873626-9D02-45A1-803F-1D4515813E0D} = {56DDB5DD-284C-4281-A6BE-DA8939EEA39A}
		{929C7833-CA41-4D3F-93C8-F41D91AD18C4} = {56DDB5DD-284C-4281-A6BE-DA8939EEA39A}
		{69C6B10F-4310-4F90-9F69-F13EBF5AEF16} = {AAE4DD45-C8A5-401A-9CC0-9BB84E4FF69A}
		{64AD6BB4-875E-4A47-A007-B779E3AA5FE5} = {389BA9BA-6F6B-46FC-B32E-B1C178AFDAC3}
		{BA2E88A2-1E17-437C-9BE1-B44FE7E6E8AE} = {AAE4DD45-C8A5-401A-9CC0-9BB84E4FF69A}
		{CFC7B4D6-029B-4385-BF9E-E7858F785E0C} = {AAE4DD45-C8A5-401A-9CC0-9BB84E4FF69A}
		{F3AF785B-4012-49DD-998F-49673E1C7484} = {DE690A6C-68F5-40AF-B1A6-FBFFFD681E85}
		{AA72580F-6C04-442C-80CC-0A9D68983B25} = {DE690A6C-68F5-40AF-B1A6-FBFFFD681E85}
		{B1CE693F-468B-4C39-88CE-5C6B284A4411} = {929C7833-CA41-4D3F-93C8-F41D91AD18C4}
		{4FD067DB-7938-4EC0-84A1-9B3EB9F3AC9C} = {AAE4DD45-C8A5-401A-9CC0-9BB84E4FF69A}
		{41946976-B2AD-4BAE-8953-CCA6C99B93BB} = {5B028DE3-C243-4105-AA9D-CC574C7CE7F1}
		{EA3013D1-281F-4BB8-A245-B6BAEABB9A44} = {5B028DE3-C243-4105-AA9D-CC574C7CE7F1}
		{863DE611-039D-4822-A2BA-B992368460DE} = {5B028DE3-C243-4105-AA9D-CC574C7CE7F1}
	EndGlobalSection
	GlobalSection(ExtensibilityGlobals) = postSolution
		SolutionGuid = {21A10072-0BAD-4AB0-B2DA-ACD31F8AB1B1}
	EndGlobalSection
EndGlobal
