<?xml version="1.0" encoding="utf-8"?>
<Project ToolsVersion="4.0" xmlns="http://schemas.microsoft.com/developer/msbuild/2003">
  <ItemGroup>
    <Filter Include="a. Project">
      <UniqueIdentifier>{b4c99d09-1919-4a38-a7fd-e6c74272f07f}</UniqueIdentifier>
    </Filter>
  </ItemGroup>
  <ItemGroup>
    <ClInclude Include="pch.h">
      <Filter>a. Project</Filter>
    </ClInclude>
    <ClInclude Include="CHV4DABS.h" />
    <ClInclude Include="CHV4DCLASST.h" />
    <ClInclude Include="CHV4DHHMMSS.h" />
    <ClInclude Include="CHV4DHVID.h" />
    <ClInclude Include="CHV4DMAXPATH.h" />
    <ClInclude Include="CHV4DMMDDYYYY.h" />
    <ClInclude Include="CHV4DMMM.h" />
    <ClInclude Include="CHV4DNUMERIC.h" />
    <ClInclude Include="CHV4DOFFSET.h" />
    <ClInclude Include="CHV4DRTCLASS.h" />
    <ClInclude Include="CHV4DKEY.h" />
  </ItemGroup>
  <ItemGroup>
    <ClCompile Include="pch.cpp">
      <Filter>a. Project</Filter>
    </ClCompile>
    <ClCompile Include="CHV4DABS.cpp" />
    <ClCompile Include="CHV4DCLASST.cpp" />
    <ClCompile Include="CHV4DHHMMSS.cpp" />
    <ClCompile Include="CHV4DHVID.cpp" />
    <ClCompile Include="CHV4DKEY.cpp" />
    <ClCompile Include="CHV4DMAXPATH.cpp" />
    <ClCompile Include="CHV4DMMDDYYYY.cpp" />
    <ClCompile Include="CHV4DMMM.cpp" />
    <ClCompile Include="CHV4DNUMERIC.cpp" />
    <ClCompile Include="CHV4DOFFSET.cpp" />
  </ItemGroup>
</Project>