<?xml version="1.0" encoding="utf-8"?>
<Project ToolsVersion="4.0" xmlns="http://schemas.microsoft.com/developer/msbuild/2003">
  <ItemGroup>
    <Filter Include="0. Project">
      <UniqueIdentifier>{4FC737F1-C7A5-4376-A066-2A32D752A2FF}</UniqueIdentifier>
      <Extensions>cpp;c;cc;cxx;c++;cppm;ixx;def;odl;idl;hpj;bat;asm;asmx</Extensions>
    </Filter>
    <Filter Include="CHV4DABS">
      <UniqueIdentifier>{51660375-da65-4890-a24c-b0c25261abc5}</UniqueIdentifier>
    </Filter>
    <Filter Include="CHV4DALPHANUMERIC">
      <UniqueIdentifier>{ebb5c624-229f-4e28-836a-be07862fb5aa}</UniqueIdentifier>
    </Filter>
    <Filter Include="CHV4DCLASST">
      <UniqueIdentifier>{943cc4ca-ad95-4925-ae5c-63780fcc770d}</UniqueIdentifier>
    </Filter>
    <Filter Include="CHV4DDATETIME">
      <UniqueIdentifier>{995d9420-8ff3-4e31-8d3a-0e55c535c5cd}</UniqueIdentifier>
    </Filter>
    <Filter Include="CHV4DHEX">
      <UniqueIdentifier>{68b4d014-29d9-457c-b0e6-df7cd9df38d7}</UniqueIdentifier>
    </Filter>
    <Filter Include="CHV4DHHMMSS">
      <UniqueIdentifier>{711d3d03-ad5e-4edf-b4fa-e01deb4401f9}</UniqueIdentifier>
    </Filter>
    <Filter Include="CHV4DHVID">
      <UniqueIdentifier>{8b19de81-7a75-4dfa-9ea0-bf07284e8628}</UniqueIdentifier>
    </Filter>
    <Filter Include="CHV4DKEY">
      <UniqueIdentifier>{5922067c-2efe-403a-9a7d-e36157c1d014}</UniqueIdentifier>
    </Filter>
    <Filter Include="CHV4DMAXPATH">
      <UniqueIdentifier>{f29d2669-384f-4741-90a5-9e5ae0df0262}</UniqueIdentifier>
    </Filter>
    <Filter Include="CHV4DMMDDYYYY">
      <UniqueIdentifier>{16091b87-edef-4457-8b2f-f0c8a5791aba}</UniqueIdentifier>
    </Filter>
    <Filter Include="CHV4DMMM">
      <UniqueIdentifier>{7d40382d-c998-45dc-b541-5c712dd5e2bc}</UniqueIdentifier>
    </Filter>
    <Filter Include="CHV4DNUMERIC">
      <UniqueIdentifier>{c5f95f3e-f0e9-48fd-949f-4b553fc23065}</UniqueIdentifier>
    </Filter>
    <Filter Include="CHV4DOFFSET">
      <UniqueIdentifier>{87aa8c18-c0dd-460b-8037-2b690a7d7cea}</UniqueIdentifier>
    </Filter>
    <Filter Include="CHV4DTEXTBLOBA">
      <UniqueIdentifier>{491fdade-1309-4d0b-ad45-ee2aa31a2b59}</UniqueIdentifier>
    </Filter>
    <Filter Include="CHV4DTEXTBLOBW">
      <UniqueIdentifier>{d3ea3135-365e-4d1c-911e-04f4f830b9f1}</UniqueIdentifier>
    </Filter>
  </ItemGroup>
  <ItemGroup>
    <ClCompile Include="CHV4DABS.ixx">
      <Filter>CHV4DABS</Filter>
    </ClCompile>
    <ClCompile Include="CHV4DALPHANUMERIC.ixx">
      <Filter>CHV4DALPHANUMERIC</Filter>
    </ClCompile>
    <ClCompile Include="CHV4DCLASST.ixx">
      <Filter>CHV4DCLASST</Filter>
    </ClCompile>
    <ClCompile Include="CHV4DDATETIME.ixx">
      <Filter>CHV4DDATETIME</Filter>
    </ClCompile>
    <ClCompile Include="CHV4DHEX.ixx">
      <Filter>CHV4DHEX</Filter>
    </ClCompile>
    <ClCompile Include="CHV4DHHMMSS.ixx">
      <Filter>CHV4DHHMMSS</Filter>
    </ClCompile>
    <ClCompile Include="CHV4DHVID.ixx">
      <Filter>CHV4DHVID</Filter>
    </ClCompile>
    <ClCompile Include="CHV4DKEY.ixx">
      <Filter>CHV4DKEY</Filter>
    </ClCompile>
    <ClCompile Include="CHV4DMAXPATH.ixx">
      <Filter>CHV4DMAXPATH</Filter>
    </ClCompile>
    <ClCompile Include="CHV4DMMDDYYYY.ixx">
      <Filter>CHV4DMMDDYYYY</Filter>
    </ClCompile>
    <ClCompile Include="CHV4DMMM.ixx">
      <Filter>CHV4DMMM</Filter>
    </ClCompile>
    <ClCompile Include="CHV4DNUMERIC.ixx">
      <Filter>CHV4DNUMERIC</Filter>
    </ClCompile>
    <ClCompile Include="CHV4DOFFSET.ixx">
      <Filter>CHV4DOFFSET</Filter>
    </ClCompile>
    <ClCompile Include="CHV4DTEXTBLOBA.ixx">
      <Filter>CHV4DTEXTBLOBA</Filter>
    </ClCompile>
    <ClCompile Include="CHV4DTEXTBLOBW.ixx">
      <Filter>CHV4DTEXTBLOBW</Filter>
    </ClCompile>
    <ClCompile Include="CHV4DABS.cpp">
      <Filter>CHV4DABS</Filter>
    </ClCompile>
    <ClCompile Include="CHV4DTBASIC.ixx">
      <Filter>0. Project</Filter>
    </ClCompile>
    <ClCompile Include="CHV4DMAXPATH.cpp">
      <Filter>CHV4DMAXPATH</Filter>
    </ClCompile>
    <ClCompile Include="CHV4DALPHANUMERIC.cpp">
      <Filter>CHV4DALPHANUMERIC</Filter>
    </ClCompile>
    <ClCompile Include="CHV4DCLASST.cpp">
      <Filter>CHV4DCLASST</Filter>
    </ClCompile>
    <ClCompile Include="CHV4DDATETIME.cpp">
      <Filter>CHV4DDATETIME</Filter>
    </ClCompile>
    <ClCompile Include="CHV4DHEX.cpp">
      <Filter>CHV4DHEX</Filter>
    </ClCompile>
    <ClCompile Include="CHV4DHHMMSS.cpp">
      <Filter>CHV4DHHMMSS</Filter>
    </ClCompile>
    <ClCompile Include="CHV4DHVID.cpp">
      <Filter>CHV4DHVID</Filter>
    </ClCompile>
    <ClCompile Include="CHV4DKEY.cpp">
      <Filter>CHV4DKEY</Filter>
    </ClCompile>
    <ClCompile Include="CHV4DMMDDYYYY.cpp">
      <Filter>CHV4DMMDDYYYY</Filter>
    </ClCompile>
    <ClCompile Include="CHV4DMMM.cpp">
      <Filter>CHV4DMMM</Filter>
    </ClCompile>
    <ClCompile Include="CHV4DNUMERIC.cpp">
      <Filter>CHV4DNUMERIC</Filter>
    </ClCompile>
    <ClCompile Include="CHV4DOFFSET.cpp">
      <Filter>CHV4DOFFSET</Filter>
    </ClCompile>
    <ClCompile Include="CHV4DTEXTBLOBA.cpp">
      <Filter>CHV4DTEXTBLOBA</Filter>
    </ClCompile>
    <ClCompile Include="CHV4DTEXTBLOBW.cpp">
      <Filter>CHV4DTEXTBLOBW</Filter>
    </ClCompile>
  </ItemGroup>
</Project>