<?xml version="1.0" encoding="utf-8"?>
<Project ToolsVersion="15.0" xmlns="http://schemas.microsoft.com/developer/msbuild/2003">
  <ItemGroup>
    <ClCompile Include="$(GeneratedFilesDir)module.g.cpp">
      <Filter>a. Program</Filter>
    </ClCompile>
    <ClCompile Include="pch.cpp">
      <Filter>a. Program</Filter>
    </ClCompile>
    <ClCompile Include="HV4DSERVICE.cpp">
      <Filter>b. Service</Filter>
    </ClCompile>
    <ClCompile Include="HV4DTENCRYPT.cpp">
      <Filter>HV4DENCRYPT</Filter>
    </ClCompile>
    <ClCompile Include="HV4DENCRYPT.cpp">
      <Filter>HV4DENCRYPT</Filter>
    </ClCompile>
    <ClCompile Include="CHV4DENCRYPT.cpp">
      <Filter>HV4DENCRYPT</Filter>
    </ClCompile>
    <ClCompile Include="HV4DTFACTORY.cpp">
      <Filter>HV4DFACTORY</Filter>
    </ClCompile>
    <ClCompile Include="HV4DFACTORY.cpp">
      <Filter>HV4DFACTORY</Filter>
    </ClCompile>
    <ClCompile Include="CHV4DFACTORY.cpp">
      <Filter>HV4DFACTORY</Filter>
    </ClCompile>
    <ClCompile Include="HV4DTKEYMAP.cpp">
      <Filter>HV4DKEYMAP</Filter>
    </ClCompile>
    <ClCompile Include="HV4DKEYMAP.cpp">
      <Filter>HV4DKEYMAP</Filter>
    </ClCompile>
    <ClCompile Include="CHV4DKEYMAP.cpp">
      <Filter>HV4DKEYMAP</Filter>
    </ClCompile>
    <ClCompile Include="HV4DTSTRING.cpp">
      <Filter>HV4DSTRING</Filter>
    </ClCompile>
    <ClCompile Include="HV4DSTRING.cpp">
      <Filter>HV4DSTRING</Filter>
    </ClCompile>
    <ClCompile Include="CHV4DSTRING.cpp">
      <Filter>HV4DSTRING</Filter>
    </ClCompile>
    <ClCompile Include="HV4DTTIME.cpp">
      <Filter>HV4DTIME</Filter>
    </ClCompile>
    <ClCompile Include="HV4DTIME.cpp">
      <Filter>HV4DTIME</Filter>
    </ClCompile>
    <ClCompile Include="CHV4DTIME.cpp">
      <Filter>HV4DTIME</Filter>
    </ClCompile>
  </ItemGroup>
  <ItemGroup>
    <Midl Include="HV4DSERVICE.idl">
      <Filter>b. Service</Filter>
    </Midl>
  </ItemGroup>
  <ItemGroup>
    <None Include="HV4DSYSCALL.def">
      <Filter>a. Program</Filter>
    </None>
    <None Include="packages.config">
      <Filter>a. Program</Filter>
    </None>
    <None Include="PropertySheet.props">
      <Filter>a. Program</Filter>
    </None>
  </ItemGroup>
  <ItemGroup>
    <Filter Include="a. Program">
      <UniqueIdentifier>{86b88519-9659-4a2b-816b-e47232431609}</UniqueIdentifier>
    </Filter>
    <Filter Include="b. Service">
      <UniqueIdentifier>{54a52e88-b773-4c59-9af2-fd7989a52705}</UniqueIdentifier>
    </Filter>
    <Filter Include="HV4DENCRYPT">
      <UniqueIdentifier>{b3da94fb-16da-44e0-940b-6f8f9a46c349}</UniqueIdentifier>
    </Filter>
    <Filter Include="HV4DKEYMAP">
      <UniqueIdentifier>{0d065c5a-e7ab-409e-970e-fa5d6d7d44f0}</UniqueIdentifier>
    </Filter>
    <Filter Include="HV4DSTRING">
      <UniqueIdentifier>{63d11b0d-16e3-436c-800a-1f21b6a86bbc}</UniqueIdentifier>
    </Filter>
    <Filter Include="HV4DFACTORY">
      <UniqueIdentifier>{9c0a11b1-1858-4b75-b02a-1cf55db07454}</UniqueIdentifier>
    </Filter>
    <Filter Include="HV4DTIME">
      <UniqueIdentifier>{f2481e38-795b-4946-b753-d6e3b233531d}</UniqueIdentifier>
    </Filter>
  </ItemGroup>
  <ItemGroup>
    <ClInclude Include="pch.h">
      <Filter>a. Program</Filter>
    </ClInclude>
    <ClInclude Include="HV4DSERVICE.h">
      <Filter>b. Service</Filter>
    </ClInclude>
    <ClInclude Include="HV4DKEYMAP.h">
      <Filter>HV4DKEYMAP</Filter>
    </ClInclude>
    <ClInclude Include="HV4DSTRING.h">
      <Filter>HV4DSTRING</Filter>
    </ClInclude>
    <ClInclude Include="HV4DFACTORY.h">
      <Filter>HV4DFACTORY</Filter>
    </ClInclude>
    <ClInclude Include="HV4DTIME.h">
      <Filter>HV4DTIME</Filter>
    </ClInclude>
    <ClInclude Include="CHV4DTIME.h">
      <Filter>HV4DTIME</Filter>
    </ClInclude>
  </ItemGroup>
  <ItemGroup>
    <Natvis Include="$(MSBuildThisFileDirectory)..\..\natvis\wil.natvis" />
  </ItemGroup>
</Project>