<?xml version="1.0" encoding="utf-8"?>
<Project ToolsVersion="4.0" xmlns="http://schemas.microsoft.com/developer/msbuild/2003">
  <ItemGroup>
    <Midl Include="Duality.idl">
      <Filter>2. Application\a. Main</Filter>
    </Midl>
    <Midl Include="BlankProject.idl">
      <Filter>8. Pages\Pickers</Filter>
    </Midl>
    <Midl Include="Machine.idl">
      <Filter>2. Application\d. Machine</Filter>
    </Midl>
    <Midl Include="CloudProject.idl">
      <Filter>8. Pages\Pickers</Filter>
    </Midl>
    <Midl Include="GitProject.idl">
      <Filter>8. Pages\Pickers</Filter>
    </Midl>
    <Midl Include="OpenProject.idl">
      <Filter>8. Pages\Pickers</Filter>
    </Midl>
    <Midl Include="SaveToCloud.idl">
      <Filter>8. Pages\Serialize</Filter>
    </Midl>
    <Midl Include="SaveToGit.idl">
      <Filter>8. Pages\Serialize</Filter>
    </Midl>
    <Midl Include="SaveToPC.idl">
      <Filter>8. Pages\Serialize</Filter>
    </Midl>
    <Midl Include="TemplateProject.idl">
      <Filter>8. Pages\Property Pages</Filter>
    </Midl>
  </ItemGroup>
  <ItemGroup>
    <ClCompile Include="$(GeneratedFilesDir)module.g.cpp">
      <Filter>1. Project</Filter>
    </ClCompile>
    <ClCompile Include="pch.cpp">
      <Filter>1. Project</Filter>
    </ClCompile>
  </ItemGroup>
  <ItemGroup>
    <Filter Include="1. Project">
      <UniqueIdentifier>{03199cb7-9783-49f1-b231-11ec97143177}</UniqueIdentifier>
    </Filter>
    <Filter Include="2. Property Pages">
      <UniqueIdentifier>{089075ce-2884-45c1-a8d5-d82e99a0f50a}</UniqueIdentifier>
    </Filter>
    <Filter Include="3. Machine">
      <UniqueIdentifier>{8fab1ebe-4f28-4ecb-a5b8-f40ff534f55c}</UniqueIdentifier>
    </Filter>
    <Filter Include="4. Main">
      <UniqueIdentifier>{2a9524bd-fbc5-45bf-9c5d-88f2ee9a9bdb}</UniqueIdentifier>
    </Filter>
    <Filter Include="5. Window">
      <UniqueIdentifier>{db35c2da-37ef-48f2-a0a6-1e75fc1ed907}</UniqueIdentifier>
    </Filter>
    <Filter Include="6. Landing">
      <UniqueIdentifier>{5dc30a20-d423-43e6-831f-d6751d021851}</UniqueIdentifier>
    </Filter>
    <Filter Include="8. Serialize">
      <UniqueIdentifier>{fc7fb22d-8a5e-43ea-a969-5e8014fa36c8}</UniqueIdentifier>
    </Filter>
    <Filter Include="7. Pickers">
      <UniqueIdentifier>{c5baaad6-c004-45d1-90eb-a0d98c253c3a}</UniqueIdentifier>
    </Filter>
    <Filter Include="9. Operational">
      <UniqueIdentifier>{4e14c935-c09b-47d6-87ff-1141977700ce}</UniqueIdentifier>
    </Filter>
    <Filter Include="10. Diagnostics">
      <UniqueIdentifier>{83b1219a-9d96-4fc1-a394-07d5cf7308d7}</UniqueIdentifier>
    </Filter>
    <Filter Include="xResources">
      <UniqueIdentifier>{560551db-e3dd-495a-9240-ce0d5cfd5013}</UniqueIdentifier>
    </Filter>
    <Filter Include="11. Default">
      <UniqueIdentifier>{3db65e28-7790-4be9-b6f7-648fa80d3247}</UniqueIdentifier>
    </Filter>
    <Filter Include="12. Text">
      <UniqueIdentifier>{f6be06bc-d6ca-4f62-b75f-4d5f69abe189}</UniqueIdentifier>
    </Filter>
    <Filter Include="2. Property Pages\b. Accounts">
      <UniqueIdentifier>{abc28302-87b8-4140-b47b-3e9c9760d12b}</UniqueIdentifier>
    </Filter>
    <Filter Include="2. Property Pages\b. Accounts\Level1AccountPage">
      <UniqueIdentifier>{6f2b0702-3a93-420b-b947-77178c906e08}</UniqueIdentifier>
    </Filter>
    <Filter Include="2. Property Pages\b. Accounts\Level2AccountPage">
      <UniqueIdentifier>{72f4bd9b-e76c-46a2-ad90-877690217a0a}</UniqueIdentifier>
    </Filter>
    <Filter Include="2. Property Pages\b. Accounts\Level3AccountPage">
      <UniqueIdentifier>{6fad8eba-f10b-40da-9d06-527fe5311465}</UniqueIdentifier>
    </Filter>
    <Filter Include="2. Property Pages\b. Accounts\Level4AccountPage">
      <UniqueIdentifier>{99273734-d6c9-4c3d-b0df-0deeb78fd128}</UniqueIdentifier>
    </Filter>
    <Filter Include="2. Property Pages\c. Runtime">
      <UniqueIdentifier>{2d718091-74a5-46c8-89d4-f1972219f4de}</UniqueIdentifier>
    </Filter>
    <Filter Include="2. Property Pages\c. Runtime\DigitalTwinPage">
      <UniqueIdentifier>{d4ad94e5-cf76-4d24-a6c2-3f73976a6b48}</UniqueIdentifier>
    </Filter>
    <Filter Include="2. Property Pages\c. Runtime\DebugPage">
      <UniqueIdentifier>{0e06fd61-72f1-4b81-85f8-eda3ae2cfae0}</UniqueIdentifier>
    </Filter>
    <Filter Include="2. Property Pages\c. Runtime\MetricPage">
      <UniqueIdentifier>{5874f8d2-0a81-428a-a6de-604fc65a61ee}</UniqueIdentifier>
    </Filter>
    <Filter Include="2. Property Pages\c. Runtime\WindowPage">
      <UniqueIdentifier>{13080643-479b-4933-8dad-4b5427425727}</UniqueIdentifier>
    </Filter>
    <Filter Include="2. Property Pages\c. Runtime\PromptPage">
      <UniqueIdentifier>{0e84d148-cdb4-4948-bf17-6458d38ca028}</UniqueIdentifier>
    </Filter>
    <Filter Include="2. Property Pages\c. Runtime\SoftPartitionPage">
      <UniqueIdentifier>{24329ef0-f27e-4626-9606-c01fafbfec8d}</UniqueIdentifier>
    </Filter>
    <Filter Include="2. Property Pages\c. Runtime\SoftDrivePage">
      <UniqueIdentifier>{9ace3084-cf77-4d46-8f5a-5ef8c0d5c57b}</UniqueIdentifier>
    </Filter>
    <Filter Include="2. Property Pages\d. DataBinding">
      <UniqueIdentifier>{168d59aa-2bc9-445f-a7d3-ab5f16ee565d}</UniqueIdentifier>
    </Filter>
    <Filter Include="2. Property Pages\d. DataBinding\BindBinaryPage">
      <UniqueIdentifier>{ce344f92-8f9b-4c40-9aa6-1880171a3880}</UniqueIdentifier>
    </Filter>
    <Filter Include="2. Property Pages\d. DataBinding\BindJSONPage">
      <UniqueIdentifier>{aaa97d7c-bb2d-4079-b932-666f37aa269f}</UniqueIdentifier>
    </Filter>
    <Filter Include="2. Property Pages\d. DataBinding\BindQIFPage">
      <UniqueIdentifier>{bafc3bea-ed59-4518-abe3-b94277de065a}</UniqueIdentifier>
    </Filter>
    <Filter Include="2. Property Pages\d. DataBinding\BindXAMLPage">
      <UniqueIdentifier>{e475e165-cef0-4c2c-9081-733fb834bf8f}</UniqueIdentifier>
    </Filter>
    <Filter Include="2. Property Pages\d. DataBinding\BindXMLPage">
      <UniqueIdentifier>{d545a9db-9d37-47ad-84a2-3c0124d1aa32}</UniqueIdentifier>
    </Filter>
    <Filter Include="2. Property Pages\e. IO">
      <UniqueIdentifier>{5207a7a2-61eb-4094-ac2f-223aed5a8145}</UniqueIdentifier>
    </Filter>
    <Filter Include="2. Property Pages\e. IO\AcceleratorPage">
      <UniqueIdentifier>{ff5b8d29-b8ac-4c24-b01d-b7bfbedf6dac}</UniqueIdentifier>
    </Filter>
    <Filter Include="2. Property Pages\f. Library">
      <UniqueIdentifier>{834ae501-6211-4a90-b791-5debe62a61eb}</UniqueIdentifier>
    </Filter>
    <Filter Include="2. Property Pages\f. Library\ContractPage">
      <UniqueIdentifier>{0b142261-f42d-4567-91fe-71b367f0bf0f}</UniqueIdentifier>
    </Filter>
    <Filter Include="2. Property Pages\f. Library\FunctionPage">
      <UniqueIdentifier>{9da4fb5f-5f98-4d29-80cc-4eabdd574404}</UniqueIdentifier>
    </Filter>
    <Filter Include="2. Property Pages\f. Library\IteratorPage">
      <UniqueIdentifier>{1562b55a-bdc5-4dcd-a936-fa98c66b4e35}</UniqueIdentifier>
    </Filter>
    <Filter Include="2. Property Pages\f. Library\ParameterPage">
      <UniqueIdentifier>{a3e19fd9-3254-401e-8483-602f880aea78}</UniqueIdentifier>
    </Filter>
    <Filter Include="2. Property Pages\f. Library\EventPage">
      <UniqueIdentifier>{9f5ac510-0821-49e3-a89d-4a85f82b8754}</UniqueIdentifier>
    </Filter>
    <Filter Include="2. Property Pages\g. UX">
      <UniqueIdentifier>{9ff19d6d-cae2-42a4-afaf-d65fb80eaa74}</UniqueIdentifier>
    </Filter>
    <Filter Include="2. Property Pages\g. UX\UserControlPage">
      <UniqueIdentifier>{d93a2fac-6b90-46e4-9950-60ca1438bdb0}</UniqueIdentifier>
    </Filter>
    <Filter Include="2. Property Pages\g. UX\XamlPgPage">
      <UniqueIdentifier>{a1dd4846-11fe-48eb-8578-8d50ce72a55b}</UniqueIdentifier>
    </Filter>
    <Filter Include="2. Property Pages\g. UX\XamlContextMenuPage">
      <UniqueIdentifier>{682fd50e-955d-438b-aa6e-4d077eba05c5}</UniqueIdentifier>
    </Filter>
    <Filter Include="2. Property Pages\g. UX\XamlWidgetPage">
      <UniqueIdentifier>{433bcb87-5ce9-4185-9bf2-5c4dd961118c}</UniqueIdentifier>
    </Filter>
    <Filter Include="2. Property Pages\g. UX\XamlToolBarPage">
      <UniqueIdentifier>{244ebed6-0913-44fc-8ab9-287ff1af754a}</UniqueIdentifier>
    </Filter>
    <Filter Include="2. Property Pages\g. UX\XamlResourcePage">
      <UniqueIdentifier>{c397cca0-c60c-42d8-9a8d-5c7d685fd91e}</UniqueIdentifier>
    </Filter>
    <Filter Include="2. Property Pages\h. Pipeline">
      <UniqueIdentifier>{566ff007-0790-4a58-8877-6596c7a3f24d}</UniqueIdentifier>
    </Filter>
    <Filter Include="2. Property Pages\i. Process">
      <UniqueIdentifier>{058370e3-4183-472f-9686-373240b1d022}</UniqueIdentifier>
    </Filter>
    <Filter Include="2. Property Pages\a. Profile">
      <UniqueIdentifier>{5052eb7b-c37d-43ff-a1f8-c4546aff519e}</UniqueIdentifier>
    </Filter>
    <Filter Include="2. Property Pages\d. DataBinding\BindPostgresPage">
      <UniqueIdentifier>{2516a2d7-276a-45b5-a737-136e7d3ba923}</UniqueIdentifier>
    </Filter>
    <Filter Include="2. Property Pages\e. IO\MemoryPage">
      <UniqueIdentifier>{a49ea94b-da80-4f24-9f08-b543cd4bc7b4}</UniqueIdentifier>
    </Filter>
    <Filter Include="2. Property Pages\e. IO\ProcessorPage">
      <UniqueIdentifier>{6cf97c7e-02a6-49e0-9fca-d13eb53dd3ae}</UniqueIdentifier>
    </Filter>
    <Filter Include="2. Property Pages\e. IO\DevicePage">
      <UniqueIdentifier>{c5ca18e1-9ee9-4cd0-8daf-145c83f78046}</UniqueIdentifier>
    </Filter>
    <Filter Include="2. Property Pages\e. IO\StoragePage">
      <UniqueIdentifier>{fcd94ff9-7401-41cf-9365-9c425750e097}</UniqueIdentifier>
    </Filter>
  </ItemGroup>
  <ItemGroup>
    <None Include="packages.config">
      <Filter>1. Project</Filter>
    </None>
    <None Include="PropertySheet.props">
      <Filter>1. Project</Filter>
    </None>
  </ItemGroup>
  <ItemGroup>
    <ClInclude Include="pch.h">
      <Filter>1. Project</Filter>
    </ClInclude>
  </ItemGroup>
  <ItemGroup>
    <ApplicationDefinition Include="Duality.xaml">
      <Filter>4. Main</Filter>
    </ApplicationDefinition>
  </ItemGroup>
  <ItemGroup>
    <Page Include="RootUI.xaml">
      <Filter>5. Window</Filter>
    </Page>
    <Page Include="BlankProject.xaml">
      <Filter>7. Pickers</Filter>
    </Page>
    <Page Include="Machine.xaml">
      <Filter>3. Machine</Filter>
    </Page>
    <Page Include="CloudProject.xaml">
      <Filter>7. Pickers</Filter>
    </Page>
    <Page Include="Duality137Buttons.xaml">
      <Filter>xResources</Filter>
    </Page>
    <Page Include="GitProject.xaml">
      <Filter>7. Pickers</Filter>
    </Page>
    <Page Include="OpenProject.xaml">
      <Filter>7. Pickers</Filter>
    </Page>
    <Page Include="SaveToCloud.xaml">
      <Filter>8. Serialize</Filter>
    </Page>
    <Page Include="SaveToGit.xaml">
      <Filter>8. Serialize</Filter>
    </Page>
    <Page Include="SaveToPC.xaml">
      <Filter>8. Serialize</Filter>
    </Page>
    <Page Include="Landing.xaml">
      <Filter>6. Landing</Filter>
    </Page>
    <Page Include="BitmapPage.xaml">
      <Filter>2. Property Pages\h. Pipeline</Filter>
    </Page>
    <Page Include="TopologyPage.xaml">
      <Filter>2. Property Pages\h. Pipeline</Filter>
    </Page>
    <Page Include="PostProcessPage.xaml">
      <Filter>2. Property Pages\h. Pipeline</Filter>
    </Page>
    <Page Include="ComputeKernelPage.xaml">
      <Filter>2. Property Pages\h. Pipeline</Filter>
    </Page>
    <Page Include="PreProcessPage.xaml">
      <Filter>2. Property Pages\h. Pipeline</Filter>
    </Page>
    <Page Include="ApplicationPage.xaml">
      <Filter>2. Property Pages\i. Process</Filter>
    </Page>
    <Page Include="ShellPage.xaml">
      <Filter>2. Property Pages\i. Process</Filter>
    </Page>
    <Page Include="AsyncPage.xaml">
      <Filter>2. Property Pages\i. Process</Filter>
    </Page>
    <Page Include="RPCPage.xaml">
      <Filter>2. Property Pages\i. Process</Filter>
    </Page>
    <Page Include="PipePage.xaml">
      <Filter>2. Property Pages\i. Process</Filter>
    </Page>
    <Page Include="SharedMemoryPage.xaml">
      <Filter>2. Property Pages\i. Process</Filter>
    </Page>
    <Page Include="TemplateProject.xaml">
      <Filter>7. Pickers</Filter>
    </Page>
    <Page Include="Operational.xaml">
      <Filter>9. Operational</Filter>
    </Page>
    <Page Include="Diagnostics.xaml">
      <Filter>10. Diagnostics</Filter>
    </Page>
    <Page Include="DHV4DLVL1.xaml">
      <Filter>11. Default</Filter>
    </Page>
    <Page Include="DigitalTwinPage.xaml">
      <Filter>2. Property Pages\c. Runtime\DigitalTwinPage</Filter>
    </Page>
    <Page Include="DebugPage.xaml">
      <Filter>2. Property Pages\c. Runtime\DebugPage</Filter>
    </Page>
    <Page Include="SoftDrivePage.xaml">
      <Filter>2. Property Pages\c. Runtime\SoftDrivePage</Filter>
    </Page>
    <Page Include="SoftPartitionPage.xaml">
      <Filter>2. Property Pages\c. Runtime\SoftPartitionPage</Filter>
    </Page>
    <Page Include="MetricPage.xaml">
      <Filter>2. Property Pages\c. Runtime\MetricPage</Filter>
    </Page>
    <Page Include="WindowPage.xaml">
      <Filter>2. Property Pages\c. Runtime\WindowPage</Filter>
    </Page>
    <Page Include="PromptPage.xaml">
      <Filter>2. Property Pages\c. Runtime\PromptPage</Filter>
    </Page>
    <Page Include="DHV4DIMAGE.xaml">
      <Filter>11. Default</Filter>
    </Page>
    <Page Include="DHV4DPARTITION.xaml">
      <Filter>11. Default</Filter>
    </Page>
    <Page Include="DHV4DKERNEL.xaml">
      <Filter>11. Default</Filter>
    </Page>
    <Page Include="RuntimeClassPage.xaml">
      <Filter>2. Property Pages\i. Process</Filter>
    </Page>
    <Page Include="BindBinaryPage.xaml">
      <Filter>2. Property Pages\d. DataBinding\BindBinaryPage</Filter>
    </Page>
    <Page Include="BindJSONPage.xaml">
      <Filter>2. Property Pages\d. DataBinding\BindJSONPage</Filter>
    </Page>
    <Page Include="BindPostgresPage.xaml">
      <Filter>2. Property Pages\d. DataBinding\BindPostgresPage</Filter>
    </Page>
    <Page Include="BindQIFPage.xaml">
      <Filter>2. Property Pages\d. DataBinding\BindQIFPage</Filter>
    </Page>
    <Page Include="BindXAMLPage.xaml">
      <Filter>2. Property Pages\d. DataBinding\BindXAMLPage</Filter>
    </Page>
    <Page Include="BindXMLPage.xaml">
      <Filter>2. Property Pages\d. DataBinding\BindXMLPage</Filter>
    </Page>
    <Page Include="Level1AccountPage.xaml">
      <Filter>2. Property Pages\b. Accounts\Level1AccountPage</Filter>
    </Page>
    <Page Include="Level2AccountPage.xaml">
      <Filter>2. Property Pages\b. Accounts\Level2AccountPage</Filter>
    </Page>
    <Page Include="Level3AccountPage.xaml">
      <Filter>2. Property Pages\b. Accounts\Level3AccountPage</Filter>
    </Page>
    <Page Include="Level4AccountPage.xaml">
      <Filter>2. Property Pages\b. Accounts\Level4AccountPage</Filter>
    </Page>
    <Page Include="AcceleratorPage.xaml">
      <Filter>2. Property Pages\e. IO\AcceleratorPage</Filter>
    </Page>
    <Page Include="DevicePage.xaml">
      <Filter>2. Property Pages\e. IO\DevicePage</Filter>
    </Page>
    <Page Include="ProcessorPage.xaml">
      <Filter>2. Property Pages\e. IO\ProcessorPage</Filter>
    </Page>
    <Page Include="MemoryPage.xaml">
      <Filter>2. Property Pages\e. IO\MemoryPage</Filter>
    </Page>
    <Page Include="StoragePage.xaml">
      <Filter>2. Property Pages\e. IO\StoragePage</Filter>
    </Page>
    <Page Include="ContractPage.xaml">
      <Filter>2. Property Pages\f. Library\ContractPage</Filter>
    </Page>
    <Page Include="FunctionPage.xaml">
      <Filter>2. Property Pages\f. Library\FunctionPage</Filter>
    </Page>
    <Page Include="IteratorPage.xaml">
      <Filter>2. Property Pages\f. Library\IteratorPage</Filter>
    </Page>
    <Page Include="ParameterPage.xaml">
      <Filter>2. Property Pages\f. Library\ParameterPage</Filter>
    </Page>
    <Page Include="LibraryPage.xaml">
      <Filter>2. Property Pages\f. Library</Filter>
    </Page>
    <Page Include="EventPage.xaml">
      <Filter>2. Property Pages\f. Library\EventPage</Filter>
    </Page>
    <Page Include="XamlContextMenuPage.xaml">
      <Filter>2. Property Pages\g. UX\XamlContextMenuPage</Filter>
    </Page>
    <Page Include="XamlResourcePage.xaml">
      <Filter>2. Property Pages\g. UX\XamlResourcePage</Filter>
    </Page>
    <Page Include="XamlToolBarPage.xaml">
      <Filter>2. Property Pages\g. UX\XamlToolBarPage</Filter>
    </Page>
    <Page Include="UserControlPage.xaml">
      <Filter>2. Property Pages\g. UX\UserControlPage</Filter>
    </Page>
    <Page Include="XamlWidgetPage.xaml">
      <Filter>2. Property Pages\g. UX\XamlWidgetPage</Filter>
    </Page>
    <Page Include="XamlPgPage.xaml">
      <Filter>2. Property Pages\g. UX\XamlPgPage</Filter>
    </Page>
    <Page Include="ProfilePage.xaml">
      <Filter>2. Property Pages\a. Profile</Filter>
    </Page>
  </ItemGroup>
  <ItemGroup>
    <Natvis Include="$(MSBuildThisFileDirectory)..\..\natvis\wil.natvis">
      <Filter>1. Project</Filter>
    </Natvis>
  </ItemGroup>
  <ItemGroup>
    <Text Include="CreateProcess.txt">
      <Filter>12. Text</Filter>
    </Text>
    <Text Include="GUID.txt">
      <Filter>12. Text</Filter>
    </Text>
    <Text Include="LoadDll.txt">
      <Filter>12. Text</Filter>
    </Text>
    <Text Include="PopulateRecent.txt">
      <Filter>12. Text</Filter>
    </Text>
    <Text Include="LoaderSettings.txt">
      <Filter>12. Text</Filter>
    </Text>
  </ItemGroup>
</Project>